# This file is automatically @generated by Cargo.
# It is not intended for manual editing.
version = 3

[[package]]
name = "pretty-type-name-alloc"
version = "1.0.2"
source = "registry+https://github.com/rust-lang/crates.io-index"
checksum = "29de89db8f67b92db51e794174590ea5bf0db3b61a8d1d6d0769a47689f83c37"

[[package]]
name = "wetutil"
version = "0.4.2"
dependencies = [
 "pretty-type-name-alloc",
]
